// !$*UTF8*$!
{
	archiveVersion = 1;
	classes = {
	};
	objectVersion = 56;
	objects = {

/* Begin PBXBuildFile section */
		D44D47EC28FD355A00BE67A1 /* TouchdownApp.swift in Sources */ = {isa = PBXBuildFile; fileRef = D44D47EB28FD355A00BE67A1 /* TouchdownApp.swift */; };
		D44D47EE28FD355A00BE67A1 /* ContentView.swift in Sources */ = {isa = PBXBuildFile; fileRef = D44D47ED28FD355A00BE67A1 /* ContentView.swift */; };
		D44D47F028FD355C00BE67A1 /* Assets.xcassets in Resources */ = {isa = PBXBuildFile; fileRef = D44D47EF28FD355C00BE67A1 /* Assets.xcassets */; };
		D44D47F328FD355C00BE67A1 /* Preview Assets.xcassets in Resources */ = {isa = PBXBuildFile; fileRef = D44D47F228FD355C00BE67A1 /* Preview Assets.xcassets */; };
		D44D47FE28FD360100BE67A1 /* brand.json in Resources */ = {isa = PBXBuildFile; fileRef = D44D47FA28FD360100BE67A1 /* brand.json */; };
		D44D47FF28FD360100BE67A1 /* player.json in Resources */ = {isa = PBXBuildFile; fileRef = D44D47FB28FD360100BE67A1 /* player.json */; };
		D44D480028FD360100BE67A1 /* category.json in Resources */ = {isa = PBXBuildFile; fileRef = D44D47FC28FD360100BE67A1 /* category.json */; };
		D44D480128FD360100BE67A1 /* product.json in Resources */ = {isa = PBXBuildFile; fileRef = D44D47FD28FD360100BE67A1 /* product.json */; };
		D44D480B28FD374F00BE67A1 /* Constant.swift in Sources */ = {isa = PBXBuildFile; fileRef = D44D480A28FD374F00BE67A1 /* Constant.swift */; };
		D44D480D28FD37FE00BE67A1 /* FooterView.swift in Sources */ = {isa = PBXBuildFile; fileRef = D44D480C28FD37FE00BE67A1 /* FooterView.swift */; };
		D44D480F28FD3B4400BE67A1 /* NavigationBarView.swift in Sources */ = {isa = PBXBuildFile; fileRef = D44D480E28FD3B4400BE67A1 /* NavigationBarView.swift */; };
		D44D481128FD3C5900BE67A1 /* LogoView.swift in Sources */ = {isa = PBXBuildFile; fileRef = D44D481028FD3C5900BE67A1 /* LogoView.swift */; };
		D44D481328FD41D700BE67A1 /* PlayerModel.swift in Sources */ = {isa = PBXBuildFile; fileRef = D44D481228FD41D700BE67A1 /* PlayerModel.swift */; };
		D44D481528FD421F00BE67A1 /* CodableBundleExtension.swift in Sources */ = {isa = PBXBuildFile; fileRef = D44D481428FD421F00BE67A1 /* CodableBundleExtension.swift */; };
		D44D481728FD432500BE67A1 /* FeaturedItemView.swift in Sources */ = {isa = PBXBuildFile; fileRef = D44D481628FD432500BE67A1 /* FeaturedItemView.swift */; };
		D44D481928FD5FCA00BE67A1 /* FeaturedTabView.swift in Sources */ = {isa = PBXBuildFile; fileRef = D44D481828FD5FCA00BE67A1 /* FeaturedTabView.swift */; };
		D44D481B28FD621500BE67A1 /* CategoryModel.swift in Sources */ = {isa = PBXBuildFile; fileRef = D44D481A28FD621500BE67A1 /* CategoryModel.swift */; };
		D44D481D28FD62C800BE67A1 /* CategoryItemView.swift in Sources */ = {isa = PBXBuildFile; fileRef = D44D481C28FD62C800BE67A1 /* CategoryItemView.swift */; };
		D44D481F28FD63F600BE67A1 /* CategoryGridView.swift in Sources */ = {isa = PBXBuildFile; fileRef = D44D481E28FD63F600BE67A1 /* CategoryGridView.swift */; };
		D44D482128FD659300BE67A1 /* SectionView.swift in Sources */ = {isa = PBXBuildFile; fileRef = D44D482028FD659300BE67A1 /* SectionView.swift */; };
		D44D482328FD673A00BE67A1 /* TitleView.swift in Sources */ = {isa = PBXBuildFile; fileRef = D44D482228FD673A00BE67A1 /* TitleView.swift */; };
		D44D482528FD67C400BE67A1 /* ProductModel.swift in Sources */ = {isa = PBXBuildFile; fileRef = D44D482428FD67C400BE67A1 /* ProductModel.swift */; };
		D44D482728FD685100BE67A1 /* ProductItemView.swift in Sources */ = {isa = PBXBuildFile; fileRef = D44D482628FD685100BE67A1 /* ProductItemView.swift */; };
		D44D482928FD6B0300BE67A1 /* BrandModel.swift in Sources */ = {isa = PBXBuildFile; fileRef = D44D482828FD6B0300BE67A1 /* BrandModel.swift */; };
		D44D482B28FD6B5000BE67A1 /* BrandItemView.swift in Sources */ = {isa = PBXBuildFile; fileRef = D44D482A28FD6B5000BE67A1 /* BrandItemView.swift */; };
		D44D482D28FD6BD700BE67A1 /* BrandGridView.swift in Sources */ = {isa = PBXBuildFile; fileRef = D44D482C28FD6BD700BE67A1 /* BrandGridView.swift */; };
/* End PBXBuildFile section */

/* Begin PBXFileReference section */
		D44D47E828FD355A00BE67A1 /* Touchdown.app */ = {isa = PBXFileReference; explicitFileType = wrapper.application; includeInIndex = 0; path = Touchdown.app; sourceTree = BUILT_PRODUCTS_DIR; };
		D44D47EB28FD355A00BE67A1 /* TouchdownApp.swift */ = {isa = PBXFileReference; lastKnownFileType = sourcecode.swift; path = TouchdownApp.swift; sourceTree = "<group>"; };
		D44D47ED28FD355A00BE67A1 /* ContentView.swift */ = {isa = PBXFileReference; lastKnownFileType = sourcecode.swift; path = ContentView.swift; sourceTree = "<group>"; };
		D44D47EF28FD355C00BE67A1 /* Assets.xcassets */ = {isa = PBXFileReference; lastKnownFileType = folder.assetcatalog; path = Assets.xcassets; sourceTree = "<group>"; };
		D44D47F228FD355C00BE67A1 /* Preview Assets.xcassets */ = {isa = PBXFileReference; lastKnownFileType = folder.assetcatalog; path = "Preview Assets.xcassets"; sourceTree = "<group>"; };
		D44D47FA28FD360100BE67A1 /* brand.json */ = {isa = PBXFileReference; fileEncoding = 4; lastKnownFileType = text.json; path = brand.json; sourceTree = "<group>"; };
		D44D47FB28FD360100BE67A1 /* player.json */ = {isa = PBXFileReference; fileEncoding = 4; lastKnownFileType = text.json; path = player.json; sourceTree = "<group>"; };
		D44D47FC28FD360100BE67A1 /* category.json */ = {isa = PBXFileReference; fileEncoding = 4; lastKnownFileType = text.json; path = category.json; sourceTree = "<group>"; };
		D44D47FD28FD360100BE67A1 /* product.json */ = {isa = PBXFileReference; fileEncoding = 4; lastKnownFileType = text.json; path = product.json; sourceTree = "<group>"; };
		D44D480A28FD374F00BE67A1 /* Constant.swift */ = {isa = PBXFileReference; lastKnownFileType = sourcecode.swift; path = Constant.swift; sourceTree = "<group>"; };
		D44D480C28FD37FE00BE67A1 /* FooterView.swift */ = {isa = PBXFileReference; lastKnownFileType = sourcecode.swift; path = FooterView.swift; sourceTree = "<group>"; };
		D44D480E28FD3B4400BE67A1 /* NavigationBarView.swift */ = {isa = PBXFileReference; lastKnownFileType = sourcecode.swift; path = NavigationBarView.swift; sourceTree = "<group>"; };
		D44D481028FD3C5900BE67A1 /* LogoView.swift */ = {isa = PBXFileReference; lastKnownFileType = sourcecode.swift; path = LogoView.swift; sourceTree = "<group>"; };
		D44D481228FD41D700BE67A1 /* PlayerModel.swift */ = {isa = PBXFileReference; lastKnownFileType = sourcecode.swift; path = PlayerModel.swift; sourceTree = "<group>"; };
		D44D481428FD421F00BE67A1 /* CodableBundleExtension.swift */ = {isa = PBXFileReference; lastKnownFileType = sourcecode.swift; path = CodableBundleExtension.swift; sourceTree = "<group>"; };
		D44D481628FD432500BE67A1 /* FeaturedItemView.swift */ = {isa = PBXFileReference; lastKnownFileType = sourcecode.swift; path = FeaturedItemView.swift; sourceTree = "<group>"; };
		D44D481828FD5FCA00BE67A1 /* FeaturedTabView.swift */ = {isa = PBXFileReference; lastKnownFileType = sourcecode.swift; path = FeaturedTabView.swift; sourceTree = "<group>"; };
		D44D481A28FD621500BE67A1 /* CategoryModel.swift */ = {isa = PBXFileReference; lastKnownFileType = sourcecode.swift; path = CategoryModel.swift; sourceTree = "<group>"; };
		D44D481C28FD62C800BE67A1 /* CategoryItemView.swift */ = {isa = PBXFileReference; lastKnownFileType = sourcecode.swift; path = CategoryItemView.swift; sourceTree = "<group>"; };
		D44D481E28FD63F600BE67A1 /* CategoryGridView.swift */ = {isa = PBXFileReference; lastKnownFileType = sourcecode.swift; path = CategoryGridView.swift; sourceTree = "<group>"; };
		D44D482028FD659300BE67A1 /* SectionView.swift */ = {isa = PBXFileReference; lastKnownFileType = sourcecode.swift; path = SectionView.swift; sourceTree = "<group>"; };
		D44D482228FD673A00BE67A1 /* TitleView.swift */ = {isa = PBXFileReference; lastKnownFileType = sourcecode.swift; path = TitleView.swift; sourceTree = "<group>"; };
		D44D482428FD67C400BE67A1 /* ProductModel.swift */ = {isa = PBXFileReference; lastKnownFileType = sourcecode.swift; path = ProductModel.swift; sourceTree = "<group>"; };
		D44D482628FD685100BE67A1 /* ProductItemView.swift */ = {isa = PBXFileReference; lastKnownFileType = sourcecode.swift; path = ProductItemView.swift; sourceTree = "<group>"; };
		D44D482828FD6B0300BE67A1 /* BrandModel.swift */ = {isa = PBXFileReference; lastKnownFileType = sourcecode.swift; path = BrandModel.swift; sourceTree = "<group>"; };
		D44D482A28FD6B5000BE67A1 /* BrandItemView.swift */ = {isa = PBXFileReference; lastKnownFileType = sourcecode.swift; path = BrandItemView.swift; sourceTree = "<group>"; };
		D44D482C28FD6BD700BE67A1 /* BrandGridView.swift */ = {isa = PBXFileReference; lastKnownFileType = sourcecode.swift; path = BrandGridView.swift; sourceTree = "<group>"; };
/* End PBXFileReference section */

/* Begin PBXFrameworksBuildPhase section */
		D44D47E528FD355A00BE67A1 /* Frameworks */ = {
			isa = PBXFrameworksBuildPhase;
			buildActionMask = 2147483647;
			files = (
			);
			runOnlyForDeploymentPostprocessing = 0;
		};
/* End PBXFrameworksBuildPhase section */

/* Begin PBXGroup section */
		D44D47DF28FD355A00BE67A1 = {
			isa = PBXGroup;
			children = (
				D44D47EA28FD355A00BE67A1 /* Touchdown */,
				D44D47E928FD355A00BE67A1 /* Products */,
			);
			sourceTree = "<group>";
		};
		D44D47E928FD355A00BE67A1 /* Products */ = {
			isa = PBXGroup;
			children = (
				D44D47E828FD355A00BE67A1 /* Touchdown.app */,
			);
			name = Products;
			sourceTree = "<group>";
		};
		D44D47EA28FD355A00BE67A1 /* Touchdown */ = {
			isa = PBXGroup;
			children = (
				D44D480928FD370B00BE67A1 /* Utility */,
				D44D480828FD370300BE67A1 /* Extension */,
				D44D480428FD36E100BE67A1 /* View */,
				D44D480728FD36FA00BE67A1 /* Model */,
				D44D47F928FD360100BE67A1 /* Data */,
				D44D480228FD362900BE67A1 /* App */,
				D44D47EF28FD355C00BE67A1 /* Assets.xcassets */,
				D44D47F128FD355C00BE67A1 /* Preview Content */,
			);
			path = Touchdown;
			sourceTree = "<group>";
		};
		D44D47F128FD355C00BE67A1 /* Preview Content */ = {
			isa = PBXGroup;
			children = (
				D44D47F228FD355C00BE67A1 /* Preview Assets.xcassets */,
			);
			path = "Preview Content";
			sourceTree = "<group>";
		};
		D44D47F928FD360100BE67A1 /* Data */ = {
			isa = PBXGroup;
			children = (
				D44D47FA28FD360100BE67A1 /* brand.json */,
				D44D47FB28FD360100BE67A1 /* player.json */,
				D44D47FC28FD360100BE67A1 /* category.json */,
				D44D47FD28FD360100BE67A1 /* product.json */,
			);
			path = Data;
			sourceTree = "<group>";
		};
		D44D480228FD362900BE67A1 /* App */ = {
			isa = PBXGroup;
			children = (
				D44D47EB28FD355A00BE67A1 /* TouchdownApp.swift */,
				D44D47ED28FD355A00BE67A1 /* ContentView.swift */,
			);
			path = App;
			sourceTree = "<group>";
		};
		D44D480428FD36E100BE67A1 /* View */ = {
			isa = PBXGroup;
			children = (
				D44D480628FD36EE00BE67A1 /* Detail */,
				D44D480528FD36E900BE67A1 /* Home */,
			);
			path = View;
			sourceTree = "<group>";
		};
		D44D480528FD36E900BE67A1 /* Home */ = {
			isa = PBXGroup;
			children = (
				D44D480C28FD37FE00BE67A1 /* FooterView.swift */,
				D44D480E28FD3B4400BE67A1 /* NavigationBarView.swift */,
				D44D481028FD3C5900BE67A1 /* LogoView.swift */,
				D44D481628FD432500BE67A1 /* FeaturedItemView.swift */,
				D44D481828FD5FCA00BE67A1 /* FeaturedTabView.swift */,
				D44D481C28FD62C800BE67A1 /* CategoryItemView.swift */,
				D44D481E28FD63F600BE67A1 /* CategoryGridView.swift */,
				D44D482028FD659300BE67A1 /* SectionView.swift */,
				D44D482228FD673A00BE67A1 /* TitleView.swift */,
				D44D482628FD685100BE67A1 /* ProductItemView.swift */,
				D44D482A28FD6B5000BE67A1 /* BrandItemView.swift */,
				D44D482C28FD6BD700BE67A1 /* BrandGridView.swift */,
			);
			path = Home;
			sourceTree = "<group>";
		};
		D44D480628FD36EE00BE67A1 /* Detail */ = {
			isa = PBXGroup;
			children = (
			);
			path = Detail;
			sourceTree = "<group>";
		};
		D44D480728FD36FA00BE67A1 /* Model */ = {
			isa = PBXGroup;
			children = (
				D44D481228FD41D700BE67A1 /* PlayerModel.swift */,
				D44D481A28FD621500BE67A1 /* CategoryModel.swift */,
				D44D482428FD67C400BE67A1 /* ProductModel.swift */,
				D44D482828FD6B0300BE67A1 /* BrandModel.swift */,
			);
			path = Model;
			sourceTree = "<group>";
		};
		D44D480828FD370300BE67A1 /* Extension */ = {
			isa = PBXGroup;
			children = (
				D44D481428FD421F00BE67A1 /* CodableBundleExtension.swift */,
			);
			path = Extension;
			sourceTree = "<group>";
		};
		D44D480928FD370B00BE67A1 /* Utility */ = {
			isa = PBXGroup;
			children = (
				D44D480A28FD374F00BE67A1 /* Constant.swift */,
			);
			path = Utility;
			sourceTree = "<group>";
		};
/* End PBXGroup section */

/* Begin PBXNativeTarget section */
		D44D47E728FD355A00BE67A1 /* Touchdown */ = {
			isa = PBXNativeTarget;
			buildConfigurationList = D44D47F628FD355C00BE67A1 /* Build configuration list for PBXNativeTarget "Touchdown" */;
			buildPhases = (
				D44D47E428FD355A00BE67A1 /* Sources */,
				D44D47E528FD355A00BE67A1 /* Frameworks */,
				D44D47E628FD355A00BE67A1 /* Resources */,
			);
			buildRules = (
			);
			dependencies = (
			);
			name = Touchdown;
			productName = Touchdown;
			productReference = D44D47E828FD355A00BE67A1 /* Touchdown.app */;
			productType = "com.apple.product-type.application";
		};
/* End PBXNativeTarget section */

/* Begin PBXProject section */
		D44D47E028FD355A00BE67A1 /* Project object */ = {
			isa = PBXProject;
			attributes = {
				BuildIndependentTargetsInParallel = 1;
				LastSwiftUpdateCheck = 1400;
				LastUpgradeCheck = 1400;
				TargetAttributes = {
					D44D47E728FD355A00BE67A1 = {
						CreatedOnToolsVersion = 14.0;
					};
				};
			};
			buildConfigurationList = D44D47E328FD355A00BE67A1 /* Build configuration list for PBXProject "Touchdown" */;
			compatibilityVersion = "Xcode 14.0";
			developmentRegion = en;
			hasScannedForEncodings = 0;
			knownRegions = (
				en,
				Base,
			);
			mainGroup = D44D47DF28FD355A00BE67A1;
			productRefGroup = D44D47E928FD355A00BE67A1 /* Products */;
			projectDirPath = "";
			projectRoot = "";
			targets = (
				D44D47E728FD355A00BE67A1 /* Touchdown */,
			);
		};
/* End PBXProject section */

/* Begin PBXResourcesBuildPhase section */
		D44D47E628FD355A00BE67A1 /* Resources */ = {
			isa = PBXResourcesBuildPhase;
			buildActionMask = 2147483647;
			files = (
				D44D47FF28FD360100BE67A1 /* player.json in Resources */,
				D44D47F328FD355C00BE67A1 /* Preview Assets.xcassets in Resources */,
				D44D480028FD360100BE67A1 /* category.json in Resources */,
				D44D47F028FD355C00BE67A1 /* Assets.xcassets in Resources */,
				D44D47FE28FD360100BE67A1 /* brand.json in Resources */,
				D44D480128FD360100BE67A1 /* product.json in Resources */,
			);
			runOnlyForDeploymentPostprocessing = 0;
		};
/* End PBXResourcesBuildPhase section */

/* Begin PBXSourcesBuildPhase section */
		D44D47E428FD355A00BE67A1 /* Sources */ = {
			isa = PBXSourcesBuildPhase;
			buildActionMask = 2147483647;
			files = (
				D44D481528FD421F00BE67A1 /* CodableBundleExtension.swift in Sources */,
				D44D47EE28FD355A00BE67A1 /* ContentView.swift in Sources */,
				D44D481128FD3C5900BE67A1 /* LogoView.swift in Sources */,
				D44D480D28FD37FE00BE67A1 /* FooterView.swift in Sources */,
				D44D481728FD432500BE67A1 /* FeaturedItemView.swift in Sources */,
				D44D482728FD685100BE67A1 /* ProductItemView.swift in Sources */,
				D44D482D28FD6BD700BE67A1 /* BrandGridView.swift in Sources */,
				D44D482528FD67C400BE67A1 /* ProductModel.swift in Sources */,
				D44D47EC28FD355A00BE67A1 /* TouchdownApp.swift in Sources */,
				D44D480B28FD374F00BE67A1 /* Constant.swift in Sources */,
				D44D481F28FD63F600BE67A1 /* CategoryGridView.swift in Sources */,
				D44D481B28FD621500BE67A1 /* CategoryModel.swift in Sources */,
				D44D480F28FD3B4400BE67A1 /* NavigationBarView.swift in Sources */,
				D44D482B28FD6B5000BE67A1 /* BrandItemView.swift in Sources */,
				D44D482128FD659300BE67A1 /* SectionView.swift in Sources */,
				D44D481D28FD62C800BE67A1 /* CategoryItemView.swift in Sources */,
				D44D481928FD5FCA00BE67A1 /* FeaturedTabView.swift in Sources */,
				D44D482928FD6B0300BE67A1 /* BrandModel.swift in Sources */,
				D44D481328FD41D700BE67A1 /* PlayerModel.swift in Sources */,
				D44D482328FD673A00BE67A1 /* TitleView.swift in Sources */,
			);
			runOnlyForDeploymentPostprocessing = 0;
		};
/* End PBXSourcesBuildPhase section */

/* Begin XCBuildConfiguration section */
		D44D47F428FD355C00BE67A1 /* Debug */ = {
			isa = XCBuildConfiguration;
			buildSettings = {
				ALWAYS_SEARCH_USER_PATHS = NO;
				CLANG_ANALYZER_NONNULL = YES;
				CLANG_ANALYZER_NUMBER_OBJECT_CONVERSION = YES_AGGRESSIVE;
				CLANG_CXX_LANGUAGE_STANDARD = "gnu++20";
				CLANG_ENABLE_MODULES = YES;
				CLANG_ENABLE_OBJC_ARC = YES;
				CLANG_ENABLE_OBJC_WEAK = YES;
				CLANG_WARN_BLOCK_CAPTURE_AUTORELEASING = YES;
				CLANG_WARN_BOOL_CONVERSION = YES;
				CLANG_WARN_COMMA = YES;
				CLANG_WARN_CONSTANT_CONVERSION = YES;
				CLANG_WARN_DEPRECATED_OBJC_IMPLEMENTATIONS = YES;
				CLANG_WARN_DIRECT_OBJC_ISA_USAGE = YES_ERROR;
				CLANG_WARN_DOCUMENTATION_COMMENTS = YES;
				CLANG_WARN_EMPTY_BODY = YES;
				CLANG_WARN_ENUM_CONVERSION = YES;
				CLANG_WARN_INFINITE_RECURSION = YES;
				CLANG_WARN_INT_CONVERSION = YES;
				CLANG_WARN_NON_LITERAL_NULL_CONVERSION = YES;
				CLANG_WARN_OBJC_IMPLICIT_RETAIN_SELF = YES;
				CLANG_WARN_OBJC_LITERAL_CONVERSION = YES;
				CLANG_WARN_OBJC_ROOT_CLASS = YES_ERROR;
				CLANG_WARN_QUOTED_INCLUDE_IN_FRAMEWORK_HEADER = YES;
				CLANG_WARN_RANGE_LOOP_ANALYSIS = YES;
				CLANG_WARN_STRICT_PROTOTYPES = YES;
				CLANG_WARN_SUSPICIOUS_MOVE = YES;
				CLANG_WARN_UNGUARDED_AVAILABILITY = YES_AGGRESSIVE;
				CLANG_WARN_UNREACHABLE_CODE = YES;
				CLANG_WARN__DUPLICATE_METHOD_MATCH = YES;
				COPY_PHASE_STRIP = NO;
				DEBUG_INFORMATION_FORMAT = dwarf;
				ENABLE_STRICT_OBJC_MSGSEND = YES;
				ENABLE_TESTABILITY = YES;
				GCC_C_LANGUAGE_STANDARD = gnu11;
				GCC_DYNAMIC_NO_PIC = NO;
				GCC_NO_COMMON_BLOCKS = YES;
				GCC_OPTIMIZATION_LEVEL = 0;
				GCC_PREPROCESSOR_DEFINITIONS = (
					"DEBUG=1",
					"$(inherited)",
				);
				GCC_WARN_64_TO_32_BIT_CONVERSION = YES;
				GCC_WARN_ABOUT_RETURN_TYPE = YES_ERROR;
				GCC_WARN_UNDECLARED_SELECTOR = YES;
				GCC_WARN_UNINITIALIZED_AUTOS = YES_AGGRESSIVE;
				GCC_WARN_UNUSED_FUNCTION = YES;
				GCC_WARN_UNUSED_VARIABLE = YES;
				IPHONEOS_DEPLOYMENT_TARGET = 16.0;
				MTL_ENABLE_DEBUG_INFO = INCLUDE_SOURCE;
				MTL_FAST_MATH = YES;
				ONLY_ACTIVE_ARCH = YES;
				SDKROOT = iphoneos;
				SWIFT_ACTIVE_COMPILATION_CONDITIONS = DEBUG;
				SWIFT_OPTIMIZATION_LEVEL = "-Onone";
			};
			name = Debug;
		};
		D44D47F528FD355C00BE67A1 /* Release */ = {
			isa = XCBuildConfiguration;
			buildSettings = {
				ALWAYS_SEARCH_USER_PATHS = NO;
				CLANG_ANALYZER_NONNULL = YES;
				CLANG_ANALYZER_NUMBER_OBJECT_CONVERSION = YES_AGGRESSIVE;
				CLANG_CXX_LANGUAGE_STANDARD = "gnu++20";
				CLANG_ENABLE_MODULES = YES;
				CLANG_ENABLE_OBJC_ARC = YES;
				CLANG_ENABLE_OBJC_WEAK = YES;
				CLANG_WARN_BLOCK_CAPTURE_AUTORELEASING = YES;
				CLANG_WARN_BOOL_CONVERSION = YES;
				CLANG_WARN_COMMA = YES;
				CLANG_WARN_CONSTANT_CONVERSION = YES;
				CLANG_WARN_DEPRECATED_OBJC_IMPLEMENTATIONS = YES;
				CLANG_WARN_DIRECT_OBJC_ISA_USAGE = YES_ERROR;
				CLANG_WARN_DOCUMENTATION_COMMENTS = YES;
				CLANG_WARN_EMPTY_BODY = YES;
				CLANG_WARN_ENUM_CONVERSION = YES;
				CLANG_WARN_INFINITE_RECURSION = YES;
				CLANG_WARN_INT_CONVERSION = YES;
				CLANG_WARN_NON_LITERAL_NULL_CONVERSION = YES;
				CLANG_WARN_OBJC_IMPLICIT_RETAIN_SELF = YES;
				CLANG_WARN_OBJC_LITERAL_CONVERSION = YES;
				CLANG_WARN_OBJC_ROOT_CLASS = YES_ERROR;
				CLANG_WARN_QUOTED_INCLUDE_IN_FRAMEWORK_HEADER = YES;
				CLANG_WARN_RANGE_LOOP_ANALYSIS = YES;
				CLANG_WARN_STRICT_PROTOTYPES = YES;
				CLANG_WARN_SUSPICIOUS_MOVE = YES;
				CLANG_WARN_UNGUARDED_AVAILABILITY = YES_AGGRESSIVE;
				CLANG_WARN_UNREACHABLE_CODE = YES;
				CLANG_WARN__DUPLICATE_METHOD_MATCH = YES;
				COPY_PHASE_STRIP = NO;
				DEBUG_INFORMATION_FORMAT = "dwarf-with-dsym";
				ENABLE_NS_ASSERTIONS = NO;
				ENABLE_STRICT_OBJC_MSGSEND = YES;
				GCC_C_LANGUAGE_STANDARD = gnu11;
				GCC_NO_COMMON_BLOCKS = YES;
				GCC_WARN_64_TO_32_BIT_CONVERSION = YES;
				GCC_WARN_ABOUT_RETURN_TYPE = YES_ERROR;
				GCC_WARN_UNDECLARED_SELECTOR = YES;
				GCC_WARN_UNINITIALIZED_AUTOS = YES_AGGRESSIVE;
				GCC_WARN_UNUSED_FUNCTION = YES;
				GCC_WARN_UNUSED_VARIABLE = YES;
				IPHONEOS_DEPLOYMENT_TARGET = 16.0;
				MTL_ENABLE_DEBUG_INFO = NO;
				MTL_FAST_MATH = YES;
				SDKROOT = iphoneos;
				SWIFT_COMPILATION_MODE = wholemodule;
				SWIFT_OPTIMIZATION_LEVEL = "-O";
				VALIDATE_PRODUCT = YES;
			};
			name = Release;
		};
		D44D47F728FD355C00BE67A1 /* Debug */ = {
			isa = XCBuildConfiguration;
			buildSettings = {
				ASSETCATALOG_COMPILER_APPICON_NAME = AppIcon;
				ASSETCATALOG_COMPILER_GLOBAL_ACCENT_COLOR_NAME = AccentColor;
				CODE_SIGN_STYLE = Automatic;
				CURRENT_PROJECT_VERSION = 1;
				DEVELOPMENT_ASSET_PATHS = "\"Touchdown/Preview Content\"";
				DEVELOPMENT_TEAM = 266RQEHX8W;
				ENABLE_PREVIEWS = YES;
				GENERATE_INFOPLIST_FILE = YES;
				INFOPLIST_FILE = Touchdown/Info.plist;
				INFOPLIST_KEY_UIApplicationSceneManifest_Generation = YES;
				INFOPLIST_KEY_UIApplicationSupportsIndirectInputEvents = YES;
				INFOPLIST_KEY_UISupportedInterfaceOrientations = UIInterfaceOrientationPortrait;
				INFOPLIST_KEY_UISupportedInterfaceOrientations_iPad = "UIInterfaceOrientationPortrait UIInterfaceOrientationPortraitUpsideDown";
				INFOPLIST_KEY_UIUserInterfaceStyle = Light;
				LD_RUNPATH_SEARCH_PATHS = (
					"$(inherited)",
					"@executable_path/Frameworks",
				);
				MARKETING_VERSION = 1.0;
				PRODUCT_BUNDLE_IDENTIFIER = com.careProvider.Touchdown;
				PRODUCT_NAME = "$(TARGET_NAME)";
				SWIFT_EMIT_LOC_STRINGS = YES;
				SWIFT_VERSION = 5.0;
				TARGETED_DEVICE_FAMILY = "1,2";
			};
			name = Debug;
		};
		D44D47F828FD355C00BE67A1 /* Release */ = {
			isa = XCBuildConfiguration;
			buildSettings = {
				ASSETCATALOG_COMPILER_APPICON_NAME = AppIcon;
				ASSETCATALOG_COMPILER_GLOBAL_ACCENT_COLOR_NAME = AccentColor;
				CODE_SIGN_STYLE = Automatic;
				CURRENT_PROJECT_VERSION = 1;
				DEVELOPMENT_ASSET_PATHS = "\"Touchdown/Preview Content\"";
				DEVELOPMENT_TEAM = 266RQEHX8W;
				ENABLE_PREVIEWS = YES;
				GENERATE_INFOPLIST_FILE = YES;
				INFOPLIST_FILE = Touchdown/Info.plist;
				INFOPLIST_KEY_UIApplicationSceneManifest_Generation = YES;
				INFOPLIST_KEY_UIApplicationSupportsIndirectInputEvents = YES;
				INFOPLIST_KEY_UISupportedInterfaceOrientations = UIInterfaceOrientationPortrait;
				INFOPLIST_KEY_UISupportedInterfaceOrientations_iPad = "UIInterfaceOrientationPortrait UIInterfaceOrientationPortraitUpsideDown";
				INFOPLIST_KEY_UIUserInterfaceStyle = Light;
				LD_RUNPATH_SEARCH_PATHS = (
					"$(inherited)",
					"@executable_path/Frameworks",
				);
				MARKETING_VERSION = 1.0;
				PRODUCT_BUNDLE_IDENTIFIER = com.careProvider.Touchdown;
				PRODUCT_NAME = "$(TARGET_NAME)";
				SWIFT_EMIT_LOC_STRINGS = YES;
				SWIFT_VERSION = 5.0;
				TARGETED_DEVICE_FAMILY = "1,2";
			};
			name = Release;
		};
/* End XCBuildConfiguration section */

/* Begin XCConfigurationList section */
		D44D47E328FD355A00BE67A1 /* Build configuration list for PBXProject "Touchdown" */ = {
			isa = XCConfigurationList;
			buildConfigurations = (
				D44D47F428FD355C00BE67A1 /* Debug */,
				D44D47F528FD355C00BE67A1 /* Release */,
			);
			defaultConfigurationIsVisible = 0;
			defaultConfigurationName = Release;
		};
		D44D47F628FD355C00BE67A1 /* Build configuration list for PBXNativeTarget "Touchdown" */ = {
			isa = XCConfigurationList;
			buildConfigurations = (
				D44D47F728FD355C00BE67A1 /* Debug */,
				D44D47F828FD355C00BE67A1 /* Release */,
			);
			defaultConfigurationIsVisible = 0;
			defaultConfigurationName = Release;
		};
/* End XCConfigurationList section */
	};
	rootObject = D44D47E028FD355A00BE67A1 /* Project object */;
}
